
Microsoft Visual Studio Solution File, Format Version 12.00
# Visual Studio 15
VisualStudioVersion = 15.0.28307.572
MinimumVisualStudioVersion = 10.0.40219.1
Project("{8BC9CEB8-8B4A-11D0-8D11-00A0C91BC942}") = "Baekjoon_2577_숫자의 갯수.c", "Baekjoon_2577_숫자의 갯수.c\Baekjoon_2577_숫자의 갯수.c.vcxproj", "{EB94631C-9716-47A1-8723-9E22720CF4B0}"
EndProject
Global
	GlobalSection(SolutionConfigurationPlatforms) = preSolution
		Debug|x64 = Debug|x64
		Debug|x86 = Debug|x86
		Release|x64 = Release|x64
		Release|x86 = Release|x86
	EndGlobalSection
	GlobalSection(ProjectConfigurationPlatforms) = postSolution
		{EB94631C-9716-47A1-8723-9E22720CF4B0}.Debug|x64.ActiveCfg = Debug|x64
		{EB94631C-9716-47A1-8723-9E22720CF4B0}.Debug|x64.Build.0 = Debug|x64
		{EB94631C-9716-47A1-8723-9E22720CF4B0}.Debug|x86.ActiveCfg = Debug|Win32
		{EB94631C-9716-47A1-8723-9E22720CF4B0}.Debug|x86.Build.0 = Debug|Win32
		{EB94631C-9716-47A1-8723-9E22720CF4B0}.Release|x64.ActiveCfg = Release|x64
		{EB94631C-9716-47A1-8723-9E22720CF4B0}.Release|x64.Build.0 = Release|x64
		{EB94631C-9716-47A1-8723-9E22720CF4B0}.Release|x86.ActiveCfg = Release|Win32
		{EB94631C-9716-47A1-8723-9E22720CF4B0}.Release|x86.Build.0 = Release|Win32
	EndGlobalSection
	GlobalSection(SolutionProperties) = preSolution
		HideSolutionNode = FALSE
	EndGlobalSection
	GlobalSection(ExtensibilityGlobals) = postSolution
		SolutionGuid = {C4487984-479C-4B2E-8DD3-924A9F79DBA0}
	EndGlobalSection
EndGlobal
