
Microsoft Visual Studio Solution File, Format Version 12.00
# Visual Studio 15
VisualStudioVersion = 15.0.28307.572
MinimumVisualStudioVersion = 10.0.40219.1
Project("{8BC9CEB8-8B4A-11D0-8D11-00A0C91BC942}") = "Baekjoon_11021_A+B-7", "Baekjoon_11021_A+B-7\Baekjoon_11021_A+B-7.vcxproj", "{EBDEC523-0F86-4F86-ACC7-555E4FD5CFFE}"
EndProject
Global
	GlobalSection(SolutionConfigurationPlatforms) = preSolution
		Debug|x64 = Debug|x64
		Debug|x86 = Debug|x86
		Release|x64 = Release|x64
		Release|x86 = Release|x86
	EndGlobalSection
	GlobalSection(ProjectConfigurationPlatforms) = postSolution
		{EBDEC523-0F86-4F86-ACC7-555E4FD5CFFE}.Debug|x64.ActiveCfg = Debug|x64
		{EBDEC523-0F86-4F86-ACC7-555E4FD5CFFE}.Debug|x64.Build.0 = Debug|x64
		{EBDEC523-0F86-4F86-ACC7-555E4FD5CFFE}.Debug|x86.ActiveCfg = Debug|Win32
		{EBDEC523-0F86-4F86-ACC7-555E4FD5CFFE}.Debug|x86.Build.0 = Debug|Win32
		{EBDEC523-0F86-4F86-ACC7-555E4FD5CFFE}.Release|x64.ActiveCfg = Release|x64
		{EBDEC523-0F86-4F86-ACC7-555E4FD5CFFE}.Release|x64.Build.0 = Release|x64
		{EBDEC523-0F86-4F86-ACC7-555E4FD5CFFE}.Release|x86.ActiveCfg = Release|Win32
		{EBDEC523-0F86-4F86-ACC7-555E4FD5CFFE}.Release|x86.Build.0 = Release|Win32
	EndGlobalSection
	GlobalSection(SolutionProperties) = preSolution
		HideSolutionNode = FALSE
	EndGlobalSection
	GlobalSection(ExtensibilityGlobals) = postSolution
		SolutionGuid = {94E27F1C-158B-4BFD-BE6F-1E650C940156}
	EndGlobalSection
EndGlobal
