
Microsoft Visual Studio Solution File, Format Version 12.00
# Visual Studio 15
VisualStudioVersion = 15.0.28307.572
MinimumVisualStudioVersion = 10.0.40219.1
Project("{8BC9CEB8-8B4A-11D0-8D11-00A0C91BC942}") = "Baekjoon_10818_최소, 최대", "Baekjoon_10818_최소, 최대\Baekjoon_10818_최소, 최대.vcxproj", "{DDBD42B3-FC3D-453F-953E-A35EB3960343}"
EndProject
Global
	GlobalSection(SolutionConfigurationPlatforms) = preSolution
		Debug|x64 = Debug|x64
		Debug|x86 = Debug|x86
		Release|x64 = Release|x64
		Release|x86 = Release|x86
	EndGlobalSection
	GlobalSection(ProjectConfigurationPlatforms) = postSolution
		{DDBD42B3-FC3D-453F-953E-A35EB3960343}.Debug|x64.ActiveCfg = Debug|x64
		{DDBD42B3-FC3D-453F-953E-A35EB3960343}.Debug|x64.Build.0 = Debug|x64
		{DDBD42B3-FC3D-453F-953E-A35EB3960343}.Debug|x86.ActiveCfg = Debug|Win32
		{DDBD42B3-FC3D-453F-953E-A35EB3960343}.Debug|x86.Build.0 = Debug|Win32
		{DDBD42B3-FC3D-453F-953E-A35EB3960343}.Release|x64.ActiveCfg = Release|x64
		{DDBD42B3-FC3D-453F-953E-A35EB3960343}.Release|x64.Build.0 = Release|x64
		{DDBD42B3-FC3D-453F-953E-A35EB3960343}.Release|x86.ActiveCfg = Release|Win32
		{DDBD42B3-FC3D-453F-953E-A35EB3960343}.Release|x86.Build.0 = Release|Win32
	EndGlobalSection
	GlobalSection(SolutionProperties) = preSolution
		HideSolutionNode = FALSE
	EndGlobalSection
	GlobalSection(ExtensibilityGlobals) = postSolution
		SolutionGuid = {461880C0-EDB5-4AEA-A845-2EC7952BC783}
	EndGlobalSection
EndGlobal
