
Microsoft Visual Studio Solution File, Format Version 12.00
# Visual Studio 15
VisualStudioVersion = 15.0.28307.572
MinimumVisualStudioVersion = 10.0.40219.1
Project("{8BC9CEB8-8B4A-11D0-8D11-00A0C91BC942}") = "Baekjoon_2742(for2).c", "Baekjoon_2742(for2).c\Baekjoon_2742(for2).c.vcxproj", "{3076F11A-D02D-4704-A3CB-F11D9583BF08}"
EndProject
Global
	GlobalSection(SolutionConfigurationPlatforms) = preSolution
		Debug|x64 = Debug|x64
		Debug|x86 = Debug|x86
		Release|x64 = Release|x64
		Release|x86 = Release|x86
	EndGlobalSection
	GlobalSection(ProjectConfigurationPlatforms) = postSolution
		{3076F11A-D02D-4704-A3CB-F11D9583BF08}.Debug|x64.ActiveCfg = Debug|x64
		{3076F11A-D02D-4704-A3CB-F11D9583BF08}.Debug|x64.Build.0 = Debug|x64
		{3076F11A-D02D-4704-A3CB-F11D9583BF08}.Debug|x86.ActiveCfg = Debug|Win32
		{3076F11A-D02D-4704-A3CB-F11D9583BF08}.Debug|x86.Build.0 = Debug|Win32
		{3076F11A-D02D-4704-A3CB-F11D9583BF08}.Release|x64.ActiveCfg = Release|x64
		{3076F11A-D02D-4704-A3CB-F11D9583BF08}.Release|x64.Build.0 = Release|x64
		{3076F11A-D02D-4704-A3CB-F11D9583BF08}.Release|x86.ActiveCfg = Release|Win32
		{3076F11A-D02D-4704-A3CB-F11D9583BF08}.Release|x86.Build.0 = Release|Win32
	EndGlobalSection
	GlobalSection(SolutionProperties) = preSolution
		HideSolutionNode = FALSE
	EndGlobalSection
	GlobalSection(ExtensibilityGlobals) = postSolution
		SolutionGuid = {3D05B89B-6214-457C-86C4-C94437B991C7}
	EndGlobalSection
EndGlobal
